// !$*UTF8*$!
{
	archiveVersion = 1;
	classes = {
	};
	objectVersion = 77;
	objects = {

/* Begin PBXBuildFile section */
		F6F8800A2DCC0CC30026B774 /* MarkdownUI in Frameworks */ = {isa = PBXBuildFile; productRef = F6F880092DCC0CC30026B774 /* MarkdownUI */; };
/* End PBXBuildFile section */

/* Begin PBXContainerItemProxy section */
		F605CEE12DCA87F100FDFE87 /* PBXContainerItemProxy */ = {
			isa = PBXContainerItemProxy;
			containerPortal = F605CECA2DCA87EF00FDFE87 /* Project object */;
			proxyType = 1;
			remoteGlobalIDString = F605CED12DCA87EF00FDFE87;
			remoteInfo = "FocusMonitor-v0";
		};
		F605CEEB2DCA87F100FDFE87 /* PBXContainerItemProxy */ = {
			isa = PBXContainerItemProxy;
			containerPortal = F605CECA2DCA87EF00FDFE87 /* Project object */;
			proxyType = 1;
			remoteGlobalIDString = F605CED12DCA87EF00FDFE87;
			remoteInfo = "FocusMonitor-v0";
		};
/* End PBXContainerItemProxy section */

/* Begin PBXFileReference section */
		F605CED22DCA87EF00FDFE87 /* ConsciousMonitor.app */ = {isa = PBXFileReference; explicitFileType = wrapper.application; includeInIndex = 0; path = ConsciousMonitor.app; sourceTree = BUILT_PRODUCTS_DIR; };
		F605CEE02DCA87F100FDFE87 /* ConsciousMonitorTests.xctest */ = {isa = PBXFileReference; explicitFileType = wrapper.cfbundle; includeInIndex = 0; path = ConsciousMonitorTests.xctest; sourceTree = BUILT_PRODUCTS_DIR; };
		F605CEEA2DCA87F100FDFE87 /* ConsciousMonitorUITests.xctest */ = {isa = PBXFileReference; explicitFileType = wrapper.cfbundle; includeInIndex = 0; path = ConsciousMonitorUITests.xctest; sourceTree = BUILT_PRODUCTS_DIR; };
/* End PBXFileReference section */

/* Begin PBXFileSystemSynchronizedRootGroup section */
		F605CED42DCA87EF00FDFE87 /* ConsciousMonitor */ = {
			isa = PBXFileSystemSynchronizedRootGroup;
			path = ConsciousMonitor;
			sourceTree = "<group>";
		};
		F605CEE32DCA87F100FDFE87 /* ConsciousMonitor-Tests */ = {
			isa = PBXFileSystemSynchronizedRootGroup;
			path = "ConsciousMonitor-Tests";
			sourceTree = "<group>";
		};
		F605CEED2DCA87F100FDFE87 /* ConsciousMonitor-UITests */ = {
			isa = PBXFileSystemSynchronizedRootGroup;
			path = "ConsciousMonitor-UITests";
			sourceTree = "<group>";
		};
/* End PBXFileSystemSynchronizedRootGroup section */

/* Begin PBXFrameworksBuildPhase section */
		F605CECF2DCA87EF00FDFE87 /* Frameworks */ = {
			isa = PBXFrameworksBuildPhase;
			buildActionMask = 2147483647;
			files = (
				F6F8800A2DCC0CC30026B774 /* MarkdownUI in Frameworks */,
			);
			runOnlyForDeploymentPostprocessing = 0;
		};
		F605CEDD2DCA87F100FDFE87 /* Frameworks */ = {
			isa = PBXFrameworksBuildPhase;
			buildActionMask = 2147483647;
			files = (
			);
			runOnlyForDeploymentPostprocessing = 0;
		};
		F605CEE72DCA87F100FDFE87 /* Frameworks */ = {
			isa = PBXFrameworksBuildPhase;
			buildActionMask = 2147483647;
			files = (
			);
			runOnlyForDeploymentPostprocessing = 0;
		};
/* End PBXFrameworksBuildPhase section */

/* Begin PBXGroup section */
		F605CEC92DCA87EF00FDFE87 = {
			isa = PBXGroup;
			children = (
				F605CED42DCA87EF00FDFE87 /* ConsciousMonitor */,
				F605CEE32DCA87F100FDFE87 /* ConsciousMonitor-Tests */,
				F605CEED2DCA87F100FDFE87 /* ConsciousMonitor-UITests */,
				F605CED32DCA87EF00FDFE87 /* Products */,
			);
			sourceTree = "<group>";
		};
		F605CED32DCA87EF00FDFE87 /* Products */ = {
			isa = PBXGroup;
			children = (
				F605CED22DCA87EF00FDFE87 /* ConsciousMonitor.app */,
				F605CEE02DCA87F100FDFE87 /* ConsciousMonitorTests.xctest */,
				F605CEEA2DCA87F100FDFE87 /* ConsciousMonitorUITests.xctest */,
			);
			name = Products;
			sourceTree = "<group>";
		};
/* End PBXGroup section */

/* Begin PBXNativeTarget section */
		F605CED12DCA87EF00FDFE87 /* ConsciousMonitor */ = {
			isa = PBXNativeTarget;
			buildConfigurationList = F605CEF42DCA87F100FDFE87 /* Build configuration list for PBXNativeTarget "ConsciousMonitor" */;
			buildPhases = (
				F605CECE2DCA87EF00FDFE87 /* Sources */,
				F605CECF2DCA87EF00FDFE87 /* Frameworks */,
				F605CED02DCA87EF00FDFE87 /* Resources */,
				F6AABBCD2DCA880000FDFE87 /* Strip Extended Attributes */,
			);
			buildRules = (
			);
			dependencies = (
			);
			fileSystemSynchronizedGroups = (
				F605CED42DCA87EF00FDFE87 /* ConsciousMonitor */,
			);
			name = ConsciousMonitor;
			packageProductDependencies = (
				F6F880092DCC0CC30026B774 /* MarkdownUI */,
			);
			productName = "FocusMonitor-v0";
			productReference = F605CED22DCA87EF00FDFE87 /* ConsciousMonitor.app */;
			productType = "com.apple.product-type.application";
		};
		F605CEDF2DCA87F100FDFE87 /* ConsciousMonitorTests */ = {
			isa = PBXNativeTarget;
			buildConfigurationList = F605CEF72DCA87F100FDFE87 /* Build configuration list for PBXNativeTarget "ConsciousMonitorTests" */;
			buildPhases = (
				F605CEDC2DCA87F100FDFE87 /* Sources */,
				F605CEDD2DCA87F100FDFE87 /* Frameworks */,
				F605CEDE2DCA87F100FDFE87 /* Resources */,
			);
			buildRules = (
			);
			dependencies = (
				F605CEE22DCA87F100FDFE87 /* PBXTargetDependency */,
			);
			fileSystemSynchronizedGroups = (
				F605CEE32DCA87F100FDFE87 /* ConsciousMonitor-Tests */,
			);
			name = ConsciousMonitorTests;
			packageProductDependencies = (
			);
			productName = "FocusMonitor-v0Tests";
			productReference = F605CEE02DCA87F100FDFE87 /* ConsciousMonitorTests.xctest */;
			productType = "com.apple.product-type.bundle.unit-test";
		};
		F605CEE92DCA87F100FDFE87 /* ConsciousMonitorUITests */ = {
			isa = PBXNativeTarget;
			buildConfigurationList = F605CEFA2DCA87F100FDFE87 /* Build configuration list for PBXNativeTarget "ConsciousMonitorUITests" */;
			buildPhases = (
				F605CEE62DCA87F100FDFE87 /* Sources */,
				F605CEE72DCA87F100FDFE87 /* Frameworks */,
				F605CEE82DCA87F100FDFE87 /* Resources */,
			);
			buildRules = (
			);
			dependencies = (
				F605CEEC2DCA87F100FDFE87 /* PBXTargetDependency */,
			);
			fileSystemSynchronizedGroups = (
				F605CEED2DCA87F100FDFE87 /* ConsciousMonitor-UITests */,
			);
			name = ConsciousMonitorUITests;
			packageProductDependencies = (
			);
			productName = "FocusMonitor-v0UITests";
			productReference = F605CEEA2DCA87F100FDFE87 /* ConsciousMonitorUITests.xctest */;
			productType = "com.apple.product-type.bundle.ui-testing";
		};
/* End PBXNativeTarget section */

/* Begin PBXShellScriptBuildPhase section */
		F6AABBCD2DCA880000FDFE87 /* Strip Extended Attributes */ = {
			isa = PBXShellScriptBuildPhase;
			buildActionMask = 2147483647;
			files = (
			);
			inputFileListPaths = (
			);
			inputPaths = (
			);
			name = "Strip Extended Attributes";
			outputFileListPaths = (
			);
			outputPaths = (
				"$(DERIVED_FILE_DIR)/xattr_strip.stamp",
			);
			runOnlyForDeploymentPostprocessing = 1;
			shellPath = /bin/sh;
			shellScript = "set -e\n# Only run when codesigning is truly occurring (e.g., archive/install)\nif [ \"${CODE_SIGNING_ALLOWED}\" = \"YES\" ] \\\n+   && [ \"${CODE_SIGNING_REQUIRED}\" = \"YES\" ] \\\n+   && [ -n \"${EXPANDED_CODE_SIGN_IDENTITY}\" ] \\\n+   && [ \"${EXPANDED_CODE_SIGN_IDENTITY}\" != \"-\" ]; then\n  TARGET_PATH=\"${CODESIGNING_FOLDER_PATH:-${TARGET_BUILD_DIR}/${WRAPPER_NAME}}\"\n  if [ -d \"$TARGET_PATH\" ]; then\n    echo \"Stripping extended attributes from $TARGET_PATH\"\n    /usr/bin/xattr -cr \"$TARGET_PATH\" || true\n  fi\n  # Emit stamp to satisfy Xcode's dependency analysis\n  /usr/bin/mkdir -p \"${DERIVED_FILE_DIR}\"\n  /usr/bin/touch \"${DERIVED_FILE_DIR}/xattr_strip.stamp\"\nfi\n";
		};
/* End PBXShellScriptBuildPhase section */

/* Begin PBXProject section */
		F605CECA2DCA87EF00FDFE87 /* Project object */ = {
			isa = PBXProject;
			attributes = {
				BuildIndependentTargetsInParallel = 1;
				LastSwiftUpdateCheck = 1630;
				LastUpgradeCheck = 1630;
				ORGANIZATIONNAME = "Faiabrand Pte Ltd";
				TargetAttributes = {
					F605CED12DCA87EF00FDFE87 = {
						CreatedOnToolsVersion = 16.3;
					};
					F605CEDF2DCA87F100FDFE87 = {
						CreatedOnToolsVersion = 16.3;
						TestTargetID = F605CED12DCA87EF00FDFE87;
					};
					F605CEE92DCA87F100FDFE87 = {
						CreatedOnToolsVersion = 16.3;
						TestTargetID = F605CED12DCA87EF00FDFE87;
					};
				};
			};
			buildConfigurationList = F605CECD2DCA87EF00FDFE87 /* Build configuration list for PBXProject "ConsciousMonitor" */;
			developmentRegion = en;
			hasScannedForEncodings = 0;
			knownRegions = (
				en,
				Base,
			);
			mainGroup = F605CEC92DCA87EF00FDFE87;
			minimizedProjectReferenceProxies = 1;
			packageReferences = (
				F6F880082DCC0CC30026B774 /* XCRemoteSwiftPackageReference "MarkdownUI" */,
			);
			preferredProjectObjectVersion = 77;
			productRefGroup = F605CED32DCA87EF00FDFE87 /* Products */;
			projectDirPath = "";
			projectRoot = "";
			targets = (
				F605CED12DCA87EF00FDFE87 /* ConsciousMonitor */,
				F605CEDF2DCA87F100FDFE87 /* ConsciousMonitorTests */,
				F605CEE92DCA87F100FDFE87 /* ConsciousMonitorUITests */,
			);
		};
/* End PBXProject section */

/* Begin PBXResourcesBuildPhase section */
		F605CED02DCA87EF00FDFE87 /* Resources */ = {
			isa = PBXResourcesBuildPhase;
			buildActionMask = 2147483647;
			files = (
			);
			runOnlyForDeploymentPostprocessing = 0;
		};
		F605CEDE2DCA87F100FDFE87 /* Resources */ = {
			isa = PBXResourcesBuildPhase;
			buildActionMask = 2147483647;
			files = (
			);
			runOnlyForDeploymentPostprocessing = 0;
		};
		F605CEE82DCA87F100FDFE87 /* Resources */ = {
			isa = PBXResourcesBuildPhase;
			buildActionMask = 2147483647;
			files = (
			);
			runOnlyForDeploymentPostprocessing = 0;
		};
/* End PBXResourcesBuildPhase section */

/* Begin PBXSourcesBuildPhase section */
		F605CECE2DCA87EF00FDFE87 /* Sources */ = {
			isa = PBXSourcesBuildPhase;
			buildActionMask = 2147483647;
			files = (
			);
			runOnlyForDeploymentPostprocessing = 0;
		};
		F605CEDC2DCA87F100FDFE87 /* Sources */ = {
			isa = PBXSourcesBuildPhase;
			buildActionMask = 2147483647;
			files = (
			);
			runOnlyForDeploymentPostprocessing = 0;
		};
		F605CEE62DCA87F100FDFE87 /* Sources */ = {
			isa = PBXSourcesBuildPhase;
			buildActionMask = 2147483647;
			files = (
			);
			runOnlyForDeploymentPostprocessing = 0;
		};
/* End PBXSourcesBuildPhase section */

/* Begin PBXTargetDependency section */
		F605CEE22DCA87F100FDFE87 /* PBXTargetDependency */ = {
			isa = PBXTargetDependency;
			target = F605CED12DCA87EF00FDFE87 /* ConsciousMonitor */;
			targetProxy = F605CEE12DCA87F100FDFE87 /* PBXContainerItemProxy */;
		};
		F605CEEC2DCA87F100FDFE87 /* PBXTargetDependency */ = {
			isa = PBXTargetDependency;
			target = F605CED12DCA87EF00FDFE87 /* ConsciousMonitor */;
			targetProxy = F605CEEB2DCA87F100FDFE87 /* PBXContainerItemProxy */;
		};
/* End PBXTargetDependency section */

/* Begin XCBuildConfiguration section */
		F605CEF22DCA87F100FDFE87 /* Debug */ = {
			isa = XCBuildConfiguration;
			buildSettings = {
				ALWAYS_SEARCH_USER_PATHS = NO;
				ASSETCATALOG_COMPILER_GENERATE_SWIFT_ASSET_SYMBOL_EXTENSIONS = YES;
				CLANG_ANALYZER_NONNULL = YES;
				CLANG_ANALYZER_NUMBER_OBJECT_CONVERSION = YES_AGGRESSIVE;
				CLANG_CXX_LANGUAGE_STANDARD = "gnu++20";
				CLANG_ENABLE_MODULES = YES;
				CLANG_ENABLE_OBJC_ARC = YES;
				CLANG_ENABLE_OBJC_WEAK = YES;
				CLANG_WARN_BLOCK_CAPTURE_AUTORELEASING = YES;
				CLANG_WARN_BOOL_CONVERSION = YES;
				CLANG_WARN_COMMA = YES;
				CLANG_WARN_CONSTANT_CONVERSION = YES;
				CLANG_WARN_DEPRECATED_OBJC_IMPLEMENTATIONS = YES;
				CLANG_WARN_DIRECT_OBJC_ISA_USAGE = YES_ERROR;
				CLANG_WARN_DOCUMENTATION_COMMENTS = YES;
				CLANG_WARN_EMPTY_BODY = YES;
				CLANG_WARN_ENUM_CONVERSION = YES;
				CLANG_WARN_INFINITE_RECURSION = YES;
				CLANG_WARN_INT_CONVERSION = YES;
				CLANG_WARN_NON_LITERAL_NULL_CONVERSION = YES;
				CLANG_WARN_OBJC_IMPLICIT_RETAIN_SELF = YES;
				CLANG_WARN_OBJC_LITERAL_CONVERSION = YES;
				CLANG_WARN_OBJC_ROOT_CLASS = YES_ERROR;
				CLANG_WARN_QUOTED_INCLUDE_IN_FRAMEWORK_HEADER = YES;
				CLANG_WARN_RANGE_LOOP_ANALYSIS = YES;
				CLANG_WARN_STRICT_PROTOTYPES = YES;
				CLANG_WARN_SUSPICIOUS_MOVE = YES;
				CLANG_WARN_UNGUARDED_AVAILABILITY = YES_AGGRESSIVE;
				CLANG_WARN_UNREACHABLE_CODE = YES;
				CLANG_WARN__DUPLICATE_METHOD_MATCH = YES;
				COPY_PHASE_STRIP = NO;
				DEBUG_INFORMATION_FORMAT = dwarf;
				ENABLE_STRICT_OBJC_MSGSEND = YES;
				ENABLE_TESTABILITY = YES;
				ENABLE_USER_SCRIPT_SANDBOXING = YES;
				GCC_C_LANGUAGE_STANDARD = gnu17;
				GCC_DYNAMIC_NO_PIC = NO;
				GCC_NO_COMMON_BLOCKS = YES;
				GCC_OPTIMIZATION_LEVEL = 0;
				GCC_PREPROCESSOR_DEFINITIONS = (
					"DEBUG=1",
					"$(inherited)",
				);
				GCC_WARN_64_TO_32_BIT_CONVERSION = YES;
				GCC_WARN_ABOUT_RETURN_TYPE = YES_ERROR;
				GCC_WARN_UNDECLARED_SELECTOR = YES;
				GCC_WARN_UNINITIALIZED_AUTOS = YES_AGGRESSIVE;
				GCC_WARN_UNUSED_FUNCTION = YES;
				GCC_WARN_UNUSED_VARIABLE = YES;
				LOCALIZATION_PREFERS_STRING_CATALOGS = YES;
				MTL_ENABLE_DEBUG_INFO = INCLUDE_SOURCE;
				MTL_FAST_MATH = YES;
				ONLY_ACTIVE_ARCH = YES;
				SWIFT_ACTIVE_COMPILATION_CONDITIONS = "DEBUG $(inherited)";
				SWIFT_OPTIMIZATION_LEVEL = "-Onone";
			};
			name = Debug;
		};
		F605CEF32DCA87F100FDFE87 /* Release */ = {
			isa = XCBuildConfiguration;
			buildSettings = {
				ALWAYS_SEARCH_USER_PATHS = NO;
				ASSETCATALOG_COMPILER_GENERATE_SWIFT_ASSET_SYMBOL_EXTENSIONS = YES;
				CLANG_ANALYZER_NONNULL = YES;
				CLANG_ANALYZER_NUMBER_OBJECT_CONVERSION = YES_AGGRESSIVE;
				CLANG_CXX_LANGUAGE_STANDARD = "gnu++20";
				CLANG_ENABLE_MODULES = YES;
				CLANG_ENABLE_OBJC_ARC = YES;
				CLANG_ENABLE_OBJC_WEAK = YES;
				CLANG_WARN_BLOCK_CAPTURE_AUTORELEASING = YES;
				CLANG_WARN_BOOL_CONVERSION = YES;
				CLANG_WARN_COMMA = YES;
				CLANG_WARN_CONSTANT_CONVERSION = YES;
				CLANG_WARN_DEPRECATED_OBJC_IMPLEMENTATIONS = YES;
				CLANG_WARN_DIRECT_OBJC_ISA_USAGE = YES_ERROR;
				CLANG_WARN_DOCUMENTATION_COMMENTS = YES;
				CLANG_WARN_EMPTY_BODY = YES;
				CLANG_WARN_ENUM_CONVERSION = YES;
				CLANG_WARN_INFINITE_RECURSION = YES;
				CLANG_WARN_INT_CONVERSION = YES;
				CLANG_WARN_NON_LITERAL_NULL_CONVERSION = YES;
				CLANG_WARN_OBJC_IMPLICIT_RETAIN_SELF = YES;
				CLANG_WARN_OBJC_LITERAL_CONVERSION = YES;
				CLANG_WARN_OBJC_ROOT_CLASS = YES_ERROR;
				CLANG_WARN_QUOTED_INCLUDE_IN_FRAMEWORK_HEADER = YES;
				CLANG_WARN_RANGE_LOOP_ANALYSIS = YES;
				CLANG_WARN_STRICT_PROTOTYPES = YES;
				CLANG_WARN_SUSPICIOUS_MOVE = YES;
				CLANG_WARN_UNGUARDED_AVAILABILITY = YES_AGGRESSIVE;
				CLANG_WARN_UNREACHABLE_CODE = YES;
				CLANG_WARN__DUPLICATE_METHOD_MATCH = YES;
				COPY_PHASE_STRIP = NO;
				DEBUG_INFORMATION_FORMAT = "dwarf-with-dsym";
				ENABLE_NS_ASSERTIONS = NO;
				ENABLE_STRICT_OBJC_MSGSEND = YES;
				ENABLE_USER_SCRIPT_SANDBOXING = YES;
				GCC_C_LANGUAGE_STANDARD = gnu17;
				GCC_NO_COMMON_BLOCKS = YES;
				GCC_WARN_64_TO_32_BIT_CONVERSION = YES;
				GCC_WARN_ABOUT_RETURN_TYPE = YES_ERROR;
				GCC_WARN_UNDECLARED_SELECTOR = YES;
				GCC_WARN_UNINITIALIZED_AUTOS = YES_AGGRESSIVE;
				GCC_WARN_UNUSED_FUNCTION = YES;
				GCC_WARN_UNUSED_VARIABLE = YES;
				LOCALIZATION_PREFERS_STRING_CATALOGS = YES;
				MTL_ENABLE_DEBUG_INFO = NO;
				MTL_FAST_MATH = YES;
				SWIFT_COMPILATION_MODE = wholemodule;
			};
			name = Release;
		};
		F605CEF52DCA87F100FDFE87 /* Debug */ = {
			isa = XCBuildConfiguration;
			buildSettings = {
				ASSETCATALOG_COMPILER_APPICON_NAME = AppIcon;
				ASSETCATALOG_COMPILER_GLOBAL_ACCENT_COLOR_NAME = AccentColor;
				CODE_SIGN_ENTITLEMENTS = ConsciousMonitor/ConsciousMonitor.entitlements;
				CODE_SIGN_STYLE = Automatic;
				CURRENT_PROJECT_VERSION = 1;
				DEVELOPMENT_TEAM = 3R57JS3CYJ;
				ENABLE_HARDENED_RUNTIME = YES;
				ENABLE_PREVIEWS = YES;
				GENERATE_INFOPLIST_FILE = YES;
				INFOPLIST_KEY_CFBundleDisplayName = ConsciousMonitor;
				INFOPLIST_KEY_LSApplicationCategoryType = "public.app-category.productivity";
				INFOPLIST_KEY_NSAppleEventsUsageDescription = "ConsciousMonitor needs to access Google Chrome to retrieve the title and URL of the active tab for better activity tracking.\nConsciousMonitor needs to access Google Chrome to retrieve the title and URL of the active tab for better activity tracking.\nConsciousMonitor needs to access Google Chrome to retrieve the title and URL of the active tab for better activity tracking.";
				"INFOPLIST_KEY_UIApplicationSceneManifest_Generation[sdk=iphoneos*]" = YES;
				"INFOPLIST_KEY_UIApplicationSceneManifest_Generation[sdk=iphonesimulator*]" = YES;
				"INFOPLIST_KEY_UIApplicationSupportsIndirectInputEvents[sdk=iphoneos*]" = YES;
				"INFOPLIST_KEY_UIApplicationSupportsIndirectInputEvents[sdk=iphonesimulator*]" = YES;
				"INFOPLIST_KEY_UILaunchScreen_Generation[sdk=iphoneos*]" = YES;
				"INFOPLIST_KEY_UILaunchScreen_Generation[sdk=iphonesimulator*]" = YES;
				"INFOPLIST_KEY_UIStatusBarStyle[sdk=iphoneos*]" = UIStatusBarStyleDefault;
				"INFOPLIST_KEY_UIStatusBarStyle[sdk=iphonesimulator*]" = UIStatusBarStyleDefault;
				INFOPLIST_KEY_UISupportedInterfaceOrientations_iPad = "UIInterfaceOrientationPortrait UIInterfaceOrientationPortraitUpsideDown UIInterfaceOrientationLandscapeLeft UIInterfaceOrientationLandscapeRight";
				INFOPLIST_KEY_UISupportedInterfaceOrientations_iPhone = "UIInterfaceOrientationPortrait UIInterfaceOrientationLandscapeLeft UIInterfaceOrientationLandscapeRight";
				IPHONEOS_DEPLOYMENT_TARGET = 18.4;
				LD_RUNPATH_SEARCH_PATHS = "@executable_path/Frameworks";
				"LD_RUNPATH_SEARCH_PATHS[sdk=macosx*]" = "@executable_path/../Frameworks";
				MACOSX_DEPLOYMENT_TARGET = 15.4;
				MARKETING_VERSION = 1.0.0;
				PRODUCT_BUNDLE_IDENTIFIER = com.cstack.ConsciousMonitor;
				PRODUCT_NAME = "$(TARGET_NAME)";
				REGISTER_APP_GROUPS = YES;
				SDKROOT = auto;
				SUPPORTED_PLATFORMS = "iphoneos iphonesimulator macosx xros xrsimulator";
				SWIFT_EMIT_LOC_STRINGS = YES;
				SWIFT_VERSION = 5.0;
				TARGETED_DEVICE_FAMILY = "1,2,7";
				XROS_DEPLOYMENT_TARGET = 2.4;
			};
			name = Debug;
		};
		F605CEF62DCA87F100FDFE87 /* Release */ = {
			isa = XCBuildConfiguration;
			buildSettings = {
				ASSETCATALOG_COMPILER_APPICON_NAME = AppIcon;
				ASSETCATALOG_COMPILER_GLOBAL_ACCENT_COLOR_NAME = AccentColor;
				CODE_SIGN_ENTITLEMENTS = ConsciousMonitor/ConsciousMonitor.entitlements;
				CODE_SIGN_STYLE = Automatic;
				CURRENT_PROJECT_VERSION = 1;
				DEVELOPMENT_TEAM = 3R57JS3CYJ;
				ENABLE_HARDENED_RUNTIME = YES;
				ENABLE_PREVIEWS = YES;
				GENERATE_INFOPLIST_FILE = YES;
				INFOPLIST_KEY_CFBundleDisplayName = ConsciousMonitor;
				INFOPLIST_KEY_LSApplicationCategoryType = "public.app-category.productivity";
				INFOPLIST_KEY_NSAppleEventsUsageDescription = "ConsciousMonitor needs to access Google Chrome to retrieve the title and URL of the active tab for better activity tracking.\nConsciousMonitor needs to access Google Chrome to retrieve the title and URL of the active tab for better activity tracking.\nConsciousMonitor needs to access Google Chrome to retrieve the title and URL of the active tab for better activity tracking.";
				"INFOPLIST_KEY_UIApplicationSceneManifest_Generation[sdk=iphoneos*]" = YES;
				"INFOPLIST_KEY_UIApplicationSceneManifest_Generation[sdk=iphonesimulator*]" = YES;
				"INFOPLIST_KEY_UIApplicationSupportsIndirectInputEvents[sdk=iphoneos*]" = YES;
				"INFOPLIST_KEY_UIApplicationSupportsIndirectInputEvents[sdk=iphonesimulator*]" = YES;
				"INFOPLIST_KEY_UILaunchScreen_Generation[sdk=iphoneos*]" = YES;
				"INFOPLIST_KEY_UILaunchScreen_Generation[sdk=iphonesimulator*]" = YES;
				"INFOPLIST_KEY_UIStatusBarStyle[sdk=iphoneos*]" = UIStatusBarStyleDefault;
				"INFOPLIST_KEY_UIStatusBarStyle[sdk=iphonesimulator*]" = UIStatusBarStyleDefault;
				INFOPLIST_KEY_UISupportedInterfaceOrientations_iPad = "UIInterfaceOrientationPortrait UIInterfaceOrientationPortraitUpsideDown UIInterfaceOrientationLandscapeLeft UIInterfaceOrientationLandscapeRight";
				INFOPLIST_KEY_UISupportedInterfaceOrientations_iPhone = "UIInterfaceOrientationPortrait UIInterfaceOrientationLandscapeLeft UIInterfaceOrientationLandscapeRight";
				IPHONEOS_DEPLOYMENT_TARGET = 18.4;
				LD_RUNPATH_SEARCH_PATHS = "@executable_path/Frameworks";
				"LD_RUNPATH_SEARCH_PATHS[sdk=macosx*]" = "@executable_path/../Frameworks";
				MACOSX_DEPLOYMENT_TARGET = 15.4;
				MARKETING_VERSION = 1.0.0;
				PRODUCT_BUNDLE_IDENTIFIER = com.cstack.ConsciousMonitor;
				PRODUCT_NAME = "$(TARGET_NAME)";
				REGISTER_APP_GROUPS = YES;
				SDKROOT = auto;
				SUPPORTED_PLATFORMS = "iphoneos iphonesimulator macosx xros xrsimulator";
				SWIFT_EMIT_LOC_STRINGS = YES;
				SWIFT_VERSION = 5.0;
				TARGETED_DEVICE_FAMILY = "1,2,7";
				XROS_DEPLOYMENT_TARGET = 2.4;
			};
			name = Release;
		};
		F605CEF82DCA87F100FDFE87 /* Debug */ = {
			isa = XCBuildConfiguration;
			buildSettings = {
				BUNDLE_LOADER = "$(TEST_HOST)";
				CODE_SIGN_STYLE = Automatic;
				CURRENT_PROJECT_VERSION = 1;
				GENERATE_INFOPLIST_FILE = YES;
				IPHONEOS_DEPLOYMENT_TARGET = 18.4;
				MACOSX_DEPLOYMENT_TARGET = 15.4;
				MARKETING_VERSION = 1.0;
				PRODUCT_BUNDLE_IDENTIFIER = com.cstack.ConsciousMonitorTests;
				PRODUCT_NAME = "$(TARGET_NAME)";
				SDKROOT = auto;
				SUPPORTED_PLATFORMS = "iphoneos iphonesimulator macosx xros xrsimulator";
				SWIFT_EMIT_LOC_STRINGS = NO;
				SWIFT_VERSION = 5.0;
				TARGETED_DEVICE_FAMILY = "1,2,7";
				TEST_HOST = "$(BUILT_PRODUCTS_DIR)/ConsciousMonitor.app/$(BUNDLE_EXECUTABLE_FOLDER_PATH)/ConsciousMonitor";
				XROS_DEPLOYMENT_TARGET = 2.4;
			};
			name = Debug;
		};
		F605CEF92DCA87F100FDFE87 /* Release */ = {
			isa = XCBuildConfiguration;
			buildSettings = {
				BUNDLE_LOADER = "$(TEST_HOST)";
				CODE_SIGN_STYLE = Automatic;
				CURRENT_PROJECT_VERSION = 1;
				GENERATE_INFOPLIST_FILE = YES;
				IPHONEOS_DEPLOYMENT_TARGET = 18.4;
				MACOSX_DEPLOYMENT_TARGET = 15.4;
				MARKETING_VERSION = 1.0;
				PRODUCT_BUNDLE_IDENTIFIER = com.cstack.ConsciousMonitorTests;
				PRODUCT_NAME = "$(TARGET_NAME)";
				SDKROOT = auto;
				SUPPORTED_PLATFORMS = "iphoneos iphonesimulator macosx xros xrsimulator";
				SWIFT_EMIT_LOC_STRINGS = NO;
				SWIFT_VERSION = 5.0;
				TARGETED_DEVICE_FAMILY = "1,2,7";
				TEST_HOST = "$(BUILT_PRODUCTS_DIR)/ConsciousMonitor.app/$(BUNDLE_EXECUTABLE_FOLDER_PATH)/ConsciousMonitor";
				XROS_DEPLOYMENT_TARGET = 2.4;
			};
			name = Release;
		};
		F605CEFB2DCA87F100FDFE87 /* Debug */ = {
			isa = XCBuildConfiguration;
			buildSettings = {
				CODE_SIGN_STYLE = Automatic;
				CURRENT_PROJECT_VERSION = 1;
				GENERATE_INFOPLIST_FILE = YES;
				IPHONEOS_DEPLOYMENT_TARGET = 18.4;
				MACOSX_DEPLOYMENT_TARGET = 15.4;
				MARKETING_VERSION = 1.0;
				PRODUCT_BUNDLE_IDENTIFIER = com.cstack.ConsciousMonitorUITests;
				PRODUCT_NAME = "$(TARGET_NAME)";
				SDKROOT = auto;
				SUPPORTED_PLATFORMS = "iphoneos iphonesimulator macosx xros xrsimulator";
				SWIFT_EMIT_LOC_STRINGS = NO;
				SWIFT_VERSION = 5.0;
				TARGETED_DEVICE_FAMILY = "1,2,7";
				TEST_TARGET_NAME = "FocusMonitor-v0";
				XROS_DEPLOYMENT_TARGET = 2.4;
			};
			name = Debug;
		};
		F605CEFC2DCA87F100FDFE87 /* Release */ = {
			isa = XCBuildConfiguration;
			buildSettings = {
				CODE_SIGN_STYLE = Automatic;
				CURRENT_PROJECT_VERSION = 1;
				GENERATE_INFOPLIST_FILE = YES;
				IPHONEOS_DEPLOYMENT_TARGET = 18.4;
				MACOSX_DEPLOYMENT_TARGET = 15.4;
				MARKETING_VERSION = 1.0;
				PRODUCT_BUNDLE_IDENTIFIER = com.cstack.ConsciousMonitorUITests;
				PRODUCT_NAME = "$(TARGET_NAME)";
				SDKROOT = auto;
				SUPPORTED_PLATFORMS = "iphoneos iphonesimulator macosx xros xrsimulator";
				SWIFT_EMIT_LOC_STRINGS = NO;
				SWIFT_VERSION = 5.0;
				TARGETED_DEVICE_FAMILY = "1,2,7";
				TEST_TARGET_NAME = "FocusMonitor-v0";
				XROS_DEPLOYMENT_TARGET = 2.4;
			};
			name = Release;
		};
/* End XCBuildConfiguration section */

/* Begin XCConfigurationList section */
		F605CECD2DCA87EF00FDFE87 /* Build configuration list for PBXProject "ConsciousMonitor" */ = {
			isa = XCConfigurationList;
			buildConfigurations = (
				F605CEF22DCA87F100FDFE87 /* Debug */,
				F605CEF32DCA87F100FDFE87 /* Release */,
			);
			defaultConfigurationIsVisible = 0;
			defaultConfigurationName = Release;
		};
		F605CEF42DCA87F100FDFE87 /* Build configuration list for PBXNativeTarget "ConsciousMonitor" */ = {
			isa = XCConfigurationList;
			buildConfigurations = (
				F605CEF52DCA87F100FDFE87 /* Debug */,
				F605CEF62DCA87F100FDFE87 /* Release */,
			);
			defaultConfigurationIsVisible = 0;
			defaultConfigurationName = Release;
		};
		F605CEF72DCA87F100FDFE87 /* Build configuration list for PBXNativeTarget "ConsciousMonitorTests" */ = {
			isa = XCConfigurationList;
			buildConfigurations = (
				F605CEF82DCA87F100FDFE87 /* Debug */,
				F605CEF92DCA87F100FDFE87 /* Release */,
			);
			defaultConfigurationIsVisible = 0;
			defaultConfigurationName = Release;
		};
		F605CEFA2DCA87F100FDFE87 /* Build configuration list for PBXNativeTarget "ConsciousMonitorUITests" */ = {
			isa = XCConfigurationList;
			buildConfigurations = (
				F605CEFB2DCA87F100FDFE87 /* Debug */,
				F605CEFC2DCA87F100FDFE87 /* Release */,
			);
			defaultConfigurationIsVisible = 0;
			defaultConfigurationName = Release;
		};
/* End XCConfigurationList section */

/* Begin XCRemoteSwiftPackageReference section */
		F6F880082DCC0CC30026B774 /* XCRemoteSwiftPackageReference "MarkdownUI" */ = {
			isa = XCRemoteSwiftPackageReference;
			repositoryURL = "https://github.com/gonzalezreal/MarkdownUI.git";
			requirement = {
				kind = upToNextMajorVersion;
				minimumVersion = 2.4.1;
			};
		};
/* End XCRemoteSwiftPackageReference section */

/* Begin XCSwiftPackageProductDependency section */
		F6F880092DCC0CC30026B774 /* MarkdownUI */ = {
			isa = XCSwiftPackageProductDependency;
			package = F6F880082DCC0CC30026B774 /* XCRemoteSwiftPackageReference "MarkdownUI" */;
			productName = MarkdownUI;
		};
/* End XCSwiftPackageProductDependency section */
	};
	rootObject = F605CECA2DCA87EF00FDFE87 /* Project object */;
}
